
Microsoft Visual Studio Solution File, Format Version 12.00
# Visual Studio Version 17
VisualStudioVersion = 17.10.34707.107
MinimumVisualStudioVersion = 10.0.40219.1
Project("{FAE04EC0-301F-11D3-BF4B-00C04F79EFBC}") = "YLMDotNetCore.ConsoleApp", "YLMDotNetCore.ConsoleApp\YLMDotNetCore.ConsoleApp.csproj", "{28B74EAE-9B33-4C22-B9AB-80FDE0BC6EEC}"
EndProject
Global
	GlobalSection(SolutionConfigurationPlatforms) = preSolution
		Debug|Any CPU = Debug|Any CPU
		Release|Any CPU = Release|Any CPU
	EndGlobalSection
	GlobalSection(ProjectConfigurationPlatforms) = postSolution
		{28B74EAE-9B33-4C22-B9AB-80FDE0BC6EEC}.Debug|Any CPU.ActiveCfg = Debug|Any CPU
		{28B74EAE-9B33-4C22-B9AB-80FDE0BC6EEC}.Debug|Any CPU.Build.0 = Debug|Any CPU
		{28B74EAE-9B33-4C22-B9AB-80FDE0BC6EEC}.Release|Any CPU.ActiveCfg = Release|Any CPU
		{28B74EAE-9B33-4C22-B9AB-80FDE0BC6EEC}.Release|Any CPU.Build.0 = Release|Any CPU
	EndGlobalSection
	GlobalSection(SolutionProperties) = preSolution
		HideSolutionNode = FALSE
	EndGlobalSection
	GlobalSection(ExtensibilityGlobals) = postSolution
		SolutionGuid = {11551083-7B95-4C87-BF72-01EC1331EC70}
	EndGlobalSection
EndGlobal
